
Microsoft Visual Studio Solution File, Format Version 12.00
# Visual Studio Version 16
VisualStudioVersion = 16.0.29609.76
MinimumVisualStudioVersion = 10.0.40219.1
Project("{FAE04EC0-301F-11D3-BF4B-00C04F79EFBC}") = "SpecflowMSTest", "SpecflowMSTest\SpecflowMSTest.csproj", "{50CF74E1-4DA2-48B4-BA5B-6D7AE124EC8B}"
EndProject
Global
	GlobalSection(SolutionConfigurationPlatforms) = preSolution
		Debug|Any CPU = Debug|Any CPU
		Release|Any CPU = Release|Any CPU
	EndGlobalSection
	GlobalSection(ProjectConfigurationPlatforms) = postSolution
		{50CF74E1-4DA2-48B4-BA5B-6D7AE124EC8B}.Debug|Any CPU.ActiveCfg = Debug|Any CPU
		{50CF74E1-4DA2-48B4-BA5B-6D7AE124EC8B}.Debug|Any CPU.Build.0 = Debug|Any CPU
		{50CF74E1-4DA2-48B4-BA5B-6D7AE124EC8B}.Release|Any CPU.ActiveCfg = Release|Any CPU
		{50CF74E1-4DA2-48B4-BA5B-6D7AE124EC8B}.Release|Any CPU.Build.0 = Release|Any CPU
	EndGlobalSection
	GlobalSection(SolutionProperties) = preSolution
		HideSolutionNode = FALSE
	EndGlobalSection
	GlobalSection(ExtensibilityGlobals) = postSolution
		SolutionGuid = {24460B3A-4C59-4EBB-9466-C6DF9528A592}
	EndGlobalSection
EndGlobal
